
Microsoft Visual Studio Solution File, Format Version 12.00
# Visual Studio Version 17
VisualStudioVersion = 17.2.32602.215
MinimumVisualStudioVersion = 10.0.40219.1
Project("{FAE04EC0-301F-11D3-BF4B-00C04F79EFBC}") = "BattleshipsGame", "BattleshipsGame\BattleshipsGame.csproj", "{C867874B-CBB4-4A4A-B9DC-87A91580A812}"
EndProject
Project("{FAE04EC0-301F-11D3-BF4B-00C04F79EFBC}") = "BattleShipsGameTests", "BattleShipsGameTests\BattleShipsGameTests.csproj", "{E8E52461-9CDA-4C42-B191-52EF4CD4333C}"
EndProject
Project("{FAE04EC0-301F-11D3-BF4B-00C04F79EFBC}") = "BattleshipsGame.Domain", "BattleshipsGame.Domain\BattleshipsGame.Domain.csproj", "{9BD4B3B5-698D-4FEC-A5BC-521E4B580B4A}"
EndProject
Global
	GlobalSection(SolutionConfigurationPlatforms) = preSolution
		Debug|Any CPU = Debug|Any CPU
		Release|Any CPU = Release|Any CPU
	EndGlobalSection
	GlobalSection(ProjectConfigurationPlatforms) = postSolution
		{C867874B-CBB4-4A4A-B9DC-87A91580A812}.Debug|Any CPU.ActiveCfg = Debug|Any CPU
		{C867874B-CBB4-4A4A-B9DC-87A91580A812}.Debug|Any CPU.Build.0 = Debug|Any CPU
		{C867874B-CBB4-4A4A-B9DC-87A91580A812}.Release|Any CPU.ActiveCfg = Release|Any CPU
		{C867874B-CBB4-4A4A-B9DC-87A91580A812}.Release|Any CPU.Build.0 = Release|Any CPU
		{E8E52461-9CDA-4C42-B191-52EF4CD4333C}.Debug|Any CPU.ActiveCfg = Debug|Any CPU
		{E8E52461-9CDA-4C42-B191-52EF4CD4333C}.Debug|Any CPU.Build.0 = Debug|Any CPU
		{E8E52461-9CDA-4C42-B191-52EF4CD4333C}.Release|Any CPU.ActiveCfg = Release|Any CPU
		{E8E52461-9CDA-4C42-B191-52EF4CD4333C}.Release|Any CPU.Build.0 = Release|Any CPU
		{9BD4B3B5-698D-4FEC-A5BC-521E4B580B4A}.Debug|Any CPU.ActiveCfg = Debug|Any CPU
		{9BD4B3B5-698D-4FEC-A5BC-521E4B580B4A}.Debug|Any CPU.Build.0 = Debug|Any CPU
		{9BD4B3B5-698D-4FEC-A5BC-521E4B580B4A}.Release|Any CPU.ActiveCfg = Release|Any CPU
		{9BD4B3B5-698D-4FEC-A5BC-521E4B580B4A}.Release|Any CPU.Build.0 = Release|Any CPU
	EndGlobalSection
	GlobalSection(SolutionProperties) = preSolution
		HideSolutionNode = FALSE
	EndGlobalSection
	GlobalSection(ExtensibilityGlobals) = postSolution
		SolutionGuid = {6E901CC1-98CE-49E4-B364-59F27371DEE2}
	EndGlobalSection
EndGlobal
